// !$*UTF8*$!
{
	archiveVersion = 1;
	classes = {
	};
	objectVersion = 46;
	objects = {

/* Begin PBXBuildFile section */
		03968BB8EE63D148F0423541 /* libPods-App Blue.a in Frameworks */ = {isa = PBXBuildFile; fileRef = 97FF1C1FBF925FF74FB536D1 /* libPods-App Blue.a */; };
		2A1FACA31E06F54400C9497D /* UserTableViewCell.m in Sources */ = {isa = PBXBuildFile; fileRef = 2A1FACA21E06F54300C9497D /* UserTableViewCell.m */; };
		2A1FACA41E06F54A00C9497D /* UserTableViewCell.m in Sources */ = {isa = PBXBuildFile; fileRef = 2A1FACA21E06F54300C9497D /* UserTableViewCell.m */; };
		2A1FACA81E07049100C9497D /* User.m in Sources */ = {isa = PBXBuildFile; fileRef = 2A1FACA71E07049100C9497D /* User.m */; };
		2A1FACA91E07049100C9497D /* User.m in Sources */ = {isa = PBXBuildFile; fileRef = 2A1FACA71E07049100C9497D /* User.m */; };
		2A2EB7EC1E0693FF00A43F5E /* main.m in Sources */ = {isa = PBXBuildFile; fileRef = 2A2EB7EB1E0693FF00A43F5E /* main.m */; };
		2A2EB7EF1E0693FF00A43F5E /* AppDelegate.m in Sources */ = {isa = PBXBuildFile; fileRef = 2A2EB7EE1E0693FF00A43F5E /* AppDelegate.m */; };
		2A2EB7F21E0693FF00A43F5E /* ViewController.m in Sources */ = {isa = PBXBuildFile; fileRef = 2A2EB7F11E0693FF00A43F5E /* ViewController.m */; };
		2A2EB7F51E0693FF00A43F5E /* Main.storyboard in Resources */ = {isa = PBXBuildFile; fileRef = 2A2EB7F31E0693FF00A43F5E /* Main.storyboard */; };
		2A2EB7F71E06940000A43F5E /* Assets.xcassets in Resources */ = {isa = PBXBuildFile; fileRef = 2A2EB7F61E06940000A43F5E /* Assets.xcassets */; };
		2A2EB7FA1E06940000A43F5E /* LaunchScreen.storyboard in Resources */ = {isa = PBXBuildFile; fileRef = 2A2EB7F81E06940000A43F5E /* LaunchScreen.storyboard */; };
		2A2EB8041E06A01100A43F5E /* ViewController.m in Sources */ = {isa = PBXBuildFile; fileRef = 2A2EB7F11E0693FF00A43F5E /* ViewController.m */; };
		2A2EB8051E06A01100A43F5E /* AppDelegate.m in Sources */ = {isa = PBXBuildFile; fileRef = 2A2EB7EE1E0693FF00A43F5E /* AppDelegate.m */; };
		2A2EB8061E06A01100A43F5E /* main.m in Sources */ = {isa = PBXBuildFile; fileRef = 2A2EB7EB1E0693FF00A43F5E /* main.m */; };
		2A2EB8081E06A01100A43F5E /* libPods-Java DevList.a in Frameworks */ = {isa = PBXBuildFile; fileRef = 0FA12CCD6C3DA99844F04766 /* libPods-Java DevList.a */; };
		2A2EB80A1E06A01100A43F5E /* LaunchScreen.storyboard in Resources */ = {isa = PBXBuildFile; fileRef = 2A2EB7F81E06940000A43F5E /* LaunchScreen.storyboard */; };
		2A2EB80B1E06A01100A43F5E /* Assets.xcassets in Resources */ = {isa = PBXBuildFile; fileRef = 2A2EB7F61E06940000A43F5E /* Assets.xcassets */; };
		2A2EB80C1E06A01100A43F5E /* Main.storyboard in Resources */ = {isa = PBXBuildFile; fileRef = 2A2EB7F31E0693FF00A43F5E /* Main.storyboard */; };
		2BFDF3DEC17EEE805F6BA398 /* libPods-App Black.a in Frameworks */ = {isa = PBXBuildFile; fileRef = 6A73A7D37748E6F13F1E412F /* libPods-App Black.a */; };
		89E7C41C658D585F8E346AF8 /* libPods-Java DevList.a in Frameworks */ = {isa = PBXBuildFile; fileRef = 0FA12CCD6C3DA99844F04766 /* libPods-Java DevList.a */; };
/* End PBXBuildFile section */

/* Begin PBXFileReference section */
		0FA12CCD6C3DA99844F04766 /* libPods-Java DevList.a */ = {isa = PBXFileReference; explicitFileType = archive.ar; includeInIndex = 0; path = "libPods-Java DevList.a"; sourceTree = BUILT_PRODUCTS_DIR; };
		2A1FACA11E06F54300C9497D /* UserTableViewCell.h */ = {isa = PBXFileReference; fileEncoding = 4; lastKnownFileType = sourcecode.c.h; path = UserTableViewCell.h; sourceTree = "<group>"; };
		2A1FACA21E06F54300C9497D /* UserTableViewCell.m */ = {isa = PBXFileReference; fileEncoding = 4; lastKnownFileType = sourcecode.c.objc; path = UserTableViewCell.m; sourceTree = "<group>"; };
		2A1FACA61E07049100C9497D /* User.h */ = {isa = PBXFileReference; fileEncoding = 4; lastKnownFileType = sourcecode.c.h; path = User.h; sourceTree = "<group>"; };
		2A1FACA71E07049100C9497D /* User.m */ = {isa = PBXFileReference; fileEncoding = 4; lastKnownFileType = sourcecode.c.objc; path = User.m; sourceTree = "<group>"; };
		2A2EB7E71E0693FF00A43F5E /* App Black.app */ = {isa = PBXFileReference; explicitFileType = wrapper.application; includeInIndex = 0; path = "App Black.app"; sourceTree = BUILT_PRODUCTS_DIR; };
		2A2EB7EB1E0693FF00A43F5E /* main.m */ = {isa = PBXFileReference; lastKnownFileType = sourcecode.c.objc; path = main.m; sourceTree = "<group>"; };
		2A2EB7ED1E0693FF00A43F5E /* AppDelegate.h */ = {isa = PBXFileReference; lastKnownFileType = sourcecode.c.h; path = AppDelegate.h; sourceTree = "<group>"; };
		2A2EB7EE1E0693FF00A43F5E /* AppDelegate.m */ = {isa = PBXFileReference; lastKnownFileType = sourcecode.c.objc; path = AppDelegate.m; sourceTree = "<group>"; };
		2A2EB7F01E0693FF00A43F5E /* ViewController.h */ = {isa = PBXFileReference; lastKnownFileType = sourcecode.c.h; path = ViewController.h; sourceTree = "<group>"; };
		2A2EB7F11E0693FF00A43F5E /* ViewController.m */ = {isa = PBXFileReference; lastKnownFileType = sourcecode.c.objc; path = ViewController.m; sourceTree = "<group>"; };
		2A2EB7F41E0693FF00A43F5E /* Base */ = {isa = PBXFileReference; lastKnownFileType = file.storyboard; name = Base; path = Base.lproj/Main.storyboard; sourceTree = "<group>"; };
		2A2EB7F61E06940000A43F5E /* Assets.xcassets */ = {isa = PBXFileReference; lastKnownFileType = folder.assetcatalog; path = Assets.xcassets; sourceTree = "<group>"; };
		2A2EB7F91E06940000A43F5E /* Base */ = {isa = PBXFileReference; lastKnownFileType = file.storyboard; name = Base; path = Base.lproj/LaunchScreen.storyboard; sourceTree = "<group>"; };
		2A2EB7FB1E06940000A43F5E /* Info Black.plist */ = {isa = PBXFileReference; lastKnownFileType = text.plist.xml; path = "Info Black.plist"; sourceTree = "<group>"; };
		2A2EB8121E06A01100A43F5E /* App Blue.app */ = {isa = PBXFileReference; explicitFileType = wrapper.application; includeInIndex = 0; path = "App Blue.app"; sourceTree = BUILT_PRODUCTS_DIR; };
		2A2EB8141E06A2F200A43F5E /* Info Blue.plist */ = {isa = PBXFileReference; fileEncoding = 4; lastKnownFileType = text.plist.xml; path = "Info Blue.plist"; sourceTree = "<group>"; };
		2B6760E77387281ABFAD0D96 /* Pods-App Black.release.xcconfig */ = {isa = PBXFileReference; includeInIndex = 1; lastKnownFileType = text.xcconfig; name = "Pods-App Black.release.xcconfig"; path = "Pods/Target Support Files/Pods-App Black/Pods-App Black.release.xcconfig"; sourceTree = "<group>"; };
		5644C83BFA8A2CCDAB0AD884 /* Pods-App Blue.release.xcconfig */ = {isa = PBXFileReference; includeInIndex = 1; lastKnownFileType = text.xcconfig; name = "Pods-App Blue.release.xcconfig"; path = "Pods/Target Support Files/Pods-App Blue/Pods-App Blue.release.xcconfig"; sourceTree = "<group>"; };
		6A73A7D37748E6F13F1E412F /* libPods-App Black.a */ = {isa = PBXFileReference; explicitFileType = archive.ar; includeInIndex = 0; path = "libPods-App Black.a"; sourceTree = BUILT_PRODUCTS_DIR; };
		97FF1C1FBF925FF74FB536D1 /* libPods-App Blue.a */ = {isa = PBXFileReference; explicitFileType = archive.ar; includeInIndex = 0; path = "libPods-App Blue.a"; sourceTree = BUILT_PRODUCTS_DIR; };
		B9857887E4534798C27619BE /* Pods-App Blue.debug.xcconfig */ = {isa = PBXFileReference; includeInIndex = 1; lastKnownFileType = text.xcconfig; name = "Pods-App Blue.debug.xcconfig"; path = "Pods/Target Support Files/Pods-App Blue/Pods-App Blue.debug.xcconfig"; sourceTree = "<group>"; };
		D316406840EA292C6BEA5D24 /* Pods-App Black.debug.xcconfig */ = {isa = PBXFileReference; includeInIndex = 1; lastKnownFileType = text.xcconfig; name = "Pods-App Black.debug.xcconfig"; path = "Pods/Target Support Files/Pods-App Black/Pods-App Black.debug.xcconfig"; sourceTree = "<group>"; };
/* End PBXFileReference section */

/* Begin PBXFrameworksBuildPhase section */
		2A2EB7E41E0693FF00A43F5E /* Frameworks */ = {
			isa = PBXFrameworksBuildPhase;
			buildActionMask = 2147483647;
			files = (
				89E7C41C658D585F8E346AF8 /* libPods-Java DevList.a in Frameworks */,
				2BFDF3DEC17EEE805F6BA398 /* libPods-App Black.a in Frameworks */,
			);
			runOnlyForDeploymentPostprocessing = 0;
		};
		2A2EB8071E06A01100A43F5E /* Frameworks */ = {
			isa = PBXFrameworksBuildPhase;
			buildActionMask = 2147483647;
			files = (
				2A2EB8081E06A01100A43F5E /* libPods-Java DevList.a in Frameworks */,
				03968BB8EE63D148F0423541 /* libPods-App Blue.a in Frameworks */,
			);
			runOnlyForDeploymentPostprocessing = 0;
		};
/* End PBXFrameworksBuildPhase section */

/* Begin PBXGroup section */
		1AEF31B155D7BD5516FD54EB /* Frameworks */ = {
			isa = PBXGroup;
			children = (
				0FA12CCD6C3DA99844F04766 /* libPods-Java DevList.a */,
				6A73A7D37748E6F13F1E412F /* libPods-App Black.a */,
				97FF1C1FBF925FF74FB536D1 /* libPods-App Blue.a */,
			);
			name = Frameworks;
			sourceTree = "<group>";
		};
		2A1FACA51E07046200C9497D /* Model */ = {
			isa = PBXGroup;
			children = (
				2A1FACA61E07049100C9497D /* User.h */,
				2A1FACA71E07049100C9497D /* User.m */,
			);
			path = Model;
			sourceTree = "<group>";
		};
		2A2EB7DE1E0693FE00A43F5E = {
			isa = PBXGroup;
			children = (
				2A2EB7E91E0693FF00A43F5E /* Java DevList */,
				2A2EB7E81E0693FF00A43F5E /* Products */,
				AC530DFEF8F7C8C1B0639C49 /* Pods */,
				1AEF31B155D7BD5516FD54EB /* Frameworks */,
			);
			sourceTree = "<group>";
		};
		2A2EB7E81E0693FF00A43F5E /* Products */ = {
			isa = PBXGroup;
			children = (
				2A2EB7E71E0693FF00A43F5E /* App Black.app */,
				2A2EB8121E06A01100A43F5E /* App Blue.app */,
			);
			name = Products;
			sourceTree = "<group>";
		};
		2A2EB7E91E0693FF00A43F5E /* Java DevList */ = {
			isa = PBXGroup;
			children = (
				2A1FACA51E07046200C9497D /* Model */,
				2A2EB7ED1E0693FF00A43F5E /* AppDelegate.h */,
				2A2EB7EE1E0693FF00A43F5E /* AppDelegate.m */,
				2A2EB7F01E0693FF00A43F5E /* ViewController.h */,
				2A2EB7F11E0693FF00A43F5E /* ViewController.m */,
				2A1FACA11E06F54300C9497D /* UserTableViewCell.h */,
				2A1FACA21E06F54300C9497D /* UserTableViewCell.m */,
				2A2EB7F31E0693FF00A43F5E /* Main.storyboard */,
				2A2EB7F61E06940000A43F5E /* Assets.xcassets */,
				2A2EB7F81E06940000A43F5E /* LaunchScreen.storyboard */,
				2A2EB7FB1E06940000A43F5E /* Info Black.plist */,
				2A2EB8141E06A2F200A43F5E /* Info Blue.plist */,
				2A2EB7EA1E0693FF00A43F5E /* Supporting Files */,
			);
			path = "Java DevList";
			sourceTree = "<group>";
		};
		2A2EB7EA1E0693FF00A43F5E /* Supporting Files */ = {
			isa = PBXGroup;
			children = (
				2A2EB7EB1E0693FF00A43F5E /* main.m */,
			);
			name = "Supporting Files";
			sourceTree = "<group>";
		};
		AC530DFEF8F7C8C1B0639C49 /* Pods */ = {
			isa = PBXGroup;
			children = (
				D316406840EA292C6BEA5D24 /* Pods-App Black.debug.xcconfig */,
				2B6760E77387281ABFAD0D96 /* Pods-App Black.release.xcconfig */,
				B9857887E4534798C27619BE /* Pods-App Blue.debug.xcconfig */,
				5644C83BFA8A2CCDAB0AD884 /* Pods-App Blue.release.xcconfig */,
			);
			name = Pods;
			sourceTree = "<group>";
		};
/* End PBXGroup section */

/* Begin PBXNativeTarget section */
		2A2EB7E61E0693FF00A43F5E /* App Black */ = {
			isa = PBXNativeTarget;
			buildConfigurationList = 2A2EB7FE1E06940000A43F5E /* Build configuration list for PBXNativeTarget "App Black" */;
			buildPhases = (
				EF71C022EACB56B3661967BA /* [CP] Check Pods Manifest.lock */,
				2A2EB7E31E0693FF00A43F5E /* Sources */,
				2A2EB7E41E0693FF00A43F5E /* Frameworks */,
				2A2EB7E51E0693FF00A43F5E /* Resources */,
				833F429C3A7DA3B824B188DE /* [CP] Embed Pods Frameworks */,
				CA0F8D0E2BBD59D9068B7B44 /* [CP] Copy Pods Resources */,
			);
			buildRules = (
			);
			dependencies = (
			);
			name = "App Black";
			productName = "Java DevList";
			productReference = 2A2EB7E71E0693FF00A43F5E /* App Black.app */;
			productType = "com.apple.product-type.application";
		};
		2A2EB8011E06A01100A43F5E /* App Blue */ = {
			isa = PBXNativeTarget;
			buildConfigurationList = 2A2EB80F1E06A01100A43F5E /* Build configuration list for PBXNativeTarget "App Blue" */;
			buildPhases = (
				2A2EB8021E06A01100A43F5E /* [CP] Check Pods Manifest.lock */,
				2A2EB8031E06A01100A43F5E /* Sources */,
				2A2EB8071E06A01100A43F5E /* Frameworks */,
				2A2EB8091E06A01100A43F5E /* Resources */,
				2A2EB80D1E06A01100A43F5E /* [CP] Embed Pods Frameworks */,
				2A2EB80E1E06A01100A43F5E /* [CP] Copy Pods Resources */,
			);
			buildRules = (
			);
			dependencies = (
			);
			name = "App Blue";
			productName = "Java DevList";
			productReference = 2A2EB8121E06A01100A43F5E /* App Blue.app */;
			productType = "com.apple.product-type.application";
		};
/* End PBXNativeTarget section */

/* Begin PBXProject section */
		2A2EB7DF1E0693FF00A43F5E /* Project object */ = {
			isa = PBXProject;
			attributes = {
				LastUpgradeCheck = 0800;
				ORGANIZATIONNAME = "wins.konar@gmail.com";
				TargetAttributes = {
					2A2EB7E61E0693FF00A43F5E = {
						CreatedOnToolsVersion = 8.0;
						DevelopmentTeam = C873229R2B;
						ProvisioningStyle = Automatic;
					};
					2A2EB8011E06A01100A43F5E = {
						DevelopmentTeam = C873229R2B;
					};
				};
			};
			buildConfigurationList = 2A2EB7E21E0693FF00A43F5E /* Build configuration list for PBXProject "Java DevList" */;
			compatibilityVersion = "Xcode 3.2";
			developmentRegion = English;
			hasScannedForEncodings = 0;
			knownRegions = (
				en,
				Base,
			);
			mainGroup = 2A2EB7DE1E0693FE00A43F5E;
			productRefGroup = 2A2EB7E81E0693FF00A43F5E /* Products */;
			projectDirPath = "";
			projectRoot = "";
			targets = (
				2A2EB7E61E0693FF00A43F5E /* App Black */,
				2A2EB8011E06A01100A43F5E /* App Blue */,
			);
		};
/* End PBXProject section */

/* Begin PBXResourcesBuildPhase section */
		2A2EB7E51E0693FF00A43F5E /* Resources */ = {
			isa = PBXResourcesBuildPhase;
			buildActionMask = 2147483647;
			files = (
				2A2EB7FA1E06940000A43F5E /* LaunchScreen.storyboard in Resources */,
				2A2EB7F71E06940000A43F5E /* Assets.xcassets in Resources */,
				2A2EB7F51E0693FF00A43F5E /* Main.storyboard in Resources */,
			);
			runOnlyForDeploymentPostprocessing = 0;
		};
		2A2EB8091E06A01100A43F5E /* Resources */ = {
			isa = PBXResourcesBuildPhase;
			buildActionMask = 2147483647;
			files = (
				2A2EB80A1E06A01100A43F5E /* LaunchScreen.storyboard in Resources */,
				2A2EB80B1E06A01100A43F5E /* Assets.xcassets in Resources */,
				2A2EB80C1E06A01100A43F5E /* Main.storyboard in Resources */,
			);
			runOnlyForDeploymentPostprocessing = 0;
		};
/* End PBXResourcesBuildPhase section */

/* Begin PBXShellScriptBuildPhase section */
		2A2EB8021E06A01100A43F5E /* [CP] Check Pods Manifest.lock */ = {
			isa = PBXShellScriptBuildPhase;
			buildActionMask = 2147483647;
			files = (
			);
			inputPaths = (
			);
			name = "[CP] Check Pods Manifest.lock";
			outputPaths = (
			);
			runOnlyForDeploymentPostprocessing = 0;
			shellPath = /bin/sh;
			shellScript = "diff \"${PODS_ROOT}/../Podfile.lock\" \"${PODS_ROOT}/Manifest.lock\" > /dev/null\nif [[ $? != 0 ]] ; then\n    cat << EOM\nerror: The sandbox is not in sync with the Podfile.lock. Run 'pod install' or update your CocoaPods installation.\nEOM\n    exit 1\nfi\n";
			showEnvVarsInLog = 0;
		};
		2A2EB80D1E06A01100A43F5E /* [CP] Embed Pods Frameworks */ = {
			isa = PBXShellScriptBuildPhase;
			buildActionMask = 2147483647;
			files = (
			);
			inputPaths = (
			);
			name = "[CP] Embed Pods Frameworks";
			outputPaths = (
			);
			runOnlyForDeploymentPostprocessing = 0;
			shellPath = /bin/sh;
			shellScript = "\"${SRCROOT}/Pods/Target Support Files/Pods-App Blue/Pods-App Blue-frameworks.sh\"\n";
			showEnvVarsInLog = 0;
		};
		2A2EB80E1E06A01100A43F5E /* [CP] Copy Pods Resources */ = {
			isa = PBXShellScriptBuildPhase;
			buildActionMask = 2147483647;
			files = (
			);
			inputPaths = (
			);
			name = "[CP] Copy Pods Resources";
			outputPaths = (
			);
			runOnlyForDeploymentPostprocessing = 0;
			shellPath = /bin/sh;
			shellScript = "\"${SRCROOT}/Pods/Target Support Files/Pods-App Blue/Pods-App Blue-resources.sh\"\n";
			showEnvVarsInLog = 0;
		};
		833F429C3A7DA3B824B188DE /* [CP] Embed Pods Frameworks */ = {
			isa = PBXShellScriptBuildPhase;
			buildActionMask = 2147483647;
			files = (
			);
			inputPaths = (
			);
			name = "[CP] Embed Pods Frameworks";
			outputPaths = (
			);
			runOnlyForDeploymentPostprocessing = 0;
			shellPath = /bin/sh;
			shellScript = "\"${SRCROOT}/Pods/Target Support Files/Pods-App Black/Pods-App Black-frameworks.sh\"\n";
			showEnvVarsInLog = 0;
		};
		CA0F8D0E2BBD59D9068B7B44 /* [CP] Copy Pods Resources */ = {
			isa = PBXShellScriptBuildPhase;
			buildActionMask = 2147483647;
			files = (
			);
			inputPaths = (
			);
			name = "[CP] Copy Pods Resources";
			outputPaths = (
			);
			runOnlyForDeploymentPostprocessing = 0;
			shellPath = /bin/sh;
			shellScript = "\"${SRCROOT}/Pods/Target Support Files/Pods-App Black/Pods-App Black-resources.sh\"\n";
			showEnvVarsInLog = 0;
		};
		EF71C022EACB56B3661967BA /* [CP] Check Pods Manifest.lock */ = {
			isa = PBXShellScriptBuildPhase;
			buildActionMask = 2147483647;
			files = (
			);
			inputPaths = (
			);
			name = "[CP] Check Pods Manifest.lock";
			outputPaths = (
			);
			runOnlyForDeploymentPostprocessing = 0;
			shellPath = /bin/sh;
			shellScript = "diff \"${PODS_ROOT}/../Podfile.lock\" \"${PODS_ROOT}/Manifest.lock\" > /dev/null\nif [[ $? != 0 ]] ; then\n    cat << EOM\nerror: The sandbox is not in sync with the Podfile.lock. Run 'pod install' or update your CocoaPods installation.\nEOM\n    exit 1\nfi\n";
			showEnvVarsInLog = 0;
		};
/* End PBXShellScriptBuildPhase section */

/* Begin PBXSourcesBuildPhase section */
		2A2EB7E31E0693FF00A43F5E /* Sources */ = {
			isa = PBXSourcesBuildPhase;
			buildActionMask = 2147483647;
			files = (
				2A1FACA81E07049100C9497D /* User.m in Sources */,
				2A1FACA31E06F54400C9497D /* UserTableViewCell.m in Sources */,
				2A2EB7F21E0693FF00A43F5E /* ViewController.m in Sources */,
				2A2EB7EF1E0693FF00A43F5E /* AppDelegate.m in Sources */,
				2A2EB7EC1E0693FF00A43F5E /* main.m in Sources */,
			);
			runOnlyForDeploymentPostprocessing = 0;
		};
		2A2EB8031E06A01100A43F5E /* Sources */ = {
			isa = PBXSourcesBuildPhase;
			buildActionMask = 2147483647;
			files = (
				2A1FACA91E07049100C9497D /* User.m in Sources */,
				2A1FACA41E06F54A00C9497D /* UserTableViewCell.m in Sources */,
				2A2EB8041E06A01100A43F5E /* ViewController.m in Sources */,
				2A2EB8051E06A01100A43F5E /* AppDelegate.m in Sources */,
				2A2EB8061E06A01100A43F5E /* main.m in Sources */,
			);
			runOnlyForDeploymentPostprocessing = 0;
		};
/* End PBXSourcesBuildPhase section */

/* Begin PBXVariantGroup section */
		2A2EB7F31E0693FF00A43F5E /* Main.storyboard */ = {
			isa = PBXVariantGroup;
			children = (
				2A2EB7F41E0693FF00A43F5E /* Base */,
			);
			name = Main.storyboard;
			sourceTree = "<group>";
		};
		2A2EB7F81E06940000A43F5E /* LaunchScreen.storyboard */ = {
			isa = PBXVariantGroup;
			children = (
				2A2EB7F91E06940000A43F5E /* Base */,
			);
			name = LaunchScreen.storyboard;
			sourceTree = "<group>";
		};
/* End PBXVariantGroup section */

/* Begin XCBuildConfiguration section */
		2A2EB7FC1E06940000A43F5E /* Debug */ = {
			isa = XCBuildConfiguration;
			buildSettings = {
				ALWAYS_SEARCH_USER_PATHS = NO;
				CLANG_ANALYZER_NONNULL = YES;
				CLANG_CXX_LANGUAGE_STANDARD = "gnu++0x";
				CLANG_CXX_LIBRARY = "libc++";
				CLANG_ENABLE_MODULES = YES;
				CLANG_ENABLE_OBJC_ARC = YES;
				CLANG_WARN_BOOL_CONVERSION = YES;
				CLANG_WARN_CONSTANT_CONVERSION = YES;
				CLANG_WARN_DIRECT_OBJC_ISA_USAGE = YES_ERROR;
				CLANG_WARN_DOCUMENTATION_COMMENTS = YES;
				CLANG_WARN_EMPTY_BODY = YES;
				CLANG_WARN_ENUM_CONVERSION = YES;
				CLANG_WARN_INFINITE_RECURSION = YES;
				CLANG_WARN_INT_CONVERSION = YES;
				CLANG_WARN_OBJC_ROOT_CLASS = YES_ERROR;
				CLANG_WARN_SUSPICIOUS_MOVE = YES;
				CLANG_WARN_SUSPICIOUS_MOVES = YES;
				CLANG_WARN_UNREACHABLE_CODE = YES;
				CLANG_WARN__DUPLICATE_METHOD_MATCH = YES;
				"CODE_SIGN_IDENTITY[sdk=iphoneos*]" = "iPhone Developer";
				COPY_PHASE_STRIP = NO;
				DEBUG_INFORMATION_FORMAT = dwarf;
				ENABLE_STRICT_OBJC_MSGSEND = YES;
				ENABLE_TESTABILITY = YES;
				GCC_C_LANGUAGE_STANDARD = gnu99;
				GCC_DYNAMIC_NO_PIC = NO;
				GCC_NO_COMMON_BLOCKS = YES;
				GCC_OPTIMIZATION_LEVEL = 0;
				GCC_PREPROCESSOR_DEFINITIONS = (
					"DEBUG=1",
					"$(inherited)",
				);
				GCC_WARN_64_TO_32_BIT_CONVERSION = YES;
				GCC_WARN_ABOUT_RETURN_TYPE = YES_ERROR;
				GCC_WARN_UNDECLARED_SELECTOR = YES;
				GCC_WARN_UNINITIALIZED_AUTOS = YES_AGGRESSIVE;
				GCC_WARN_UNUSED_FUNCTION = YES;
				GCC_WARN_UNUSED_VARIABLE = YES;
				IPHONEOS_DEPLOYMENT_TARGET = 10.0;
				MTL_ENABLE_DEBUG_INFO = YES;
				ONLY_ACTIVE_ARCH = YES;
				SDKROOT = iphoneos;
			};
			name = Debug;
		};
		2A2EB7FD1E06940000A43F5E /* Release */ = {
			isa = XCBuildConfiguration;
			buildSettings = {
				ALWAYS_SEARCH_USER_PATHS = NO;
				CLANG_ANALYZER_NONNULL = YES;
				CLANG_CXX_LANGUAGE_STANDARD = "gnu++0x";
				CLANG_CXX_LIBRARY = "libc++";
				CLANG_ENABLE_MODULES = YES;
				CLANG_ENABLE_OBJC_ARC = YES;
				CLANG_WARN_BOOL_CONVERSION = YES;
				CLANG_WARN_CONSTANT_CONVERSION = YES;
				CLANG_WARN_DIRECT_OBJC_ISA_USAGE = YES_ERROR;
				CLANG_WARN_DOCUMENTATION_COMMENTS = YES;
				CLANG_WARN_EMPTY_BODY = YES;
				CLANG_WARN_ENUM_CONVERSION = YES;
				CLANG_WARN_INFINITE_RECURSION = YES;
				CLANG_WARN_INT_CONVERSION = YES;
				CLANG_WARN_OBJC_ROOT_CLASS = YES_ERROR;
				CLANG_WARN_SUSPICIOUS_MOVE = YES;
				CLANG_WARN_SUSPICIOUS_MOVES = YES;
				CLANG_WARN_UNREACHABLE_CODE = YES;
				CLANG_WARN__DUPLICATE_METHOD_MATCH = YES;
				"CODE_SIGN_IDENTITY[sdk=iphoneos*]" = "iPhone Developer";
				COPY_PHASE_STRIP = NO;
				DEBUG_INFORMATION_FORMAT = "dwarf-with-dsym";
				ENABLE_NS_ASSERTIONS = NO;
				ENABLE_STRICT_OBJC_MSGSEND = YES;
				GCC_C_LANGUAGE_STANDARD = gnu99;
				GCC_NO_COMMON_BLOCKS = YES;
				GCC_WARN_64_TO_32_BIT_CONVERSION = YES;
				GCC_WARN_ABOUT_RETURN_TYPE = YES_ERROR;
				GCC_WARN_UNDECLARED_SELECTOR = YES;
				GCC_WARN_UNINITIALIZED_AUTOS = YES_AGGRESSIVE;
				GCC_WARN_UNUSED_FUNCTION = YES;
				GCC_WARN_UNUSED_VARIABLE = YES;
				IPHONEOS_DEPLOYMENT_TARGET = 10.0;
				MTL_ENABLE_DEBUG_INFO = NO;
				SDKROOT = iphoneos;
				VALIDATE_PRODUCT = YES;
			};
			name = Release;
		};
		2A2EB7FF1E06940000A43F5E /* Debug */ = {
			isa = XCBuildConfiguration;
			baseConfigurationReference = D316406840EA292C6BEA5D24 /* Pods-App Black.debug.xcconfig */;
			buildSettings = {
				ASSETCATALOG_COMPILER_APPICON_NAME = "AppIcon Black";
				DEVELOPMENT_TEAM = C873229R2B;
				INFOPLIST_FILE = "$(SRCROOT)/Java DevList/Info Black.plist";
				LD_RUNPATH_SEARCH_PATHS = "$(inherited) @executable_path/Frameworks";
				PRODUCT_BUNDLE_IDENTIFIER = "com.GitHub.Java-DevList";
				PRODUCT_NAME = "$(TARGET_NAME)";
			};
			name = Debug;
		};
		2A2EB8001E06940000A43F5E /* Release */ = {
			isa = XCBuildConfiguration;
			baseConfigurationReference = 2B6760E77387281ABFAD0D96 /* Pods-App Black.release.xcconfig */;
			buildSettings = {
				ASSETCATALOG_COMPILER_APPICON_NAME = "AppIcon Black";
				DEVELOPMENT_TEAM = C873229R2B;
				INFOPLIST_FILE = "$(SRCROOT)/Java DevList/Info Black.plist";
				LD_RUNPATH_SEARCH_PATHS = "$(inherited) @executable_path/Frameworks";
				PRODUCT_BUNDLE_IDENTIFIER = "com.GitHub.Java-DevList";
				PRODUCT_NAME = "$(TARGET_NAME)";
			};
			name = Release;
		};
		2A2EB8101E06A01100A43F5E /* Debug */ = {
			isa = XCBuildConfiguration;
			baseConfigurationReference = B9857887E4534798C27619BE /* Pods-App Blue.debug.xcconfig */;
			buildSettings = {
				ASSETCATALOG_COMPILER_APPICON_NAME = "AppIcon Blue";
				DEVELOPMENT_TEAM = C873229R2B;
				GCC_PREPROCESSOR_DEFINITIONS = (
					"$(inherited)",
					"COCOAPODS=1",
					"BLUE=1",
				);
				INFOPLIST_FILE = "$(SRCROOT)/Java DevList/Info Blue.plist";
				LD_RUNPATH_SEARCH_PATHS = "$(inherited) @executable_path/Frameworks";
				PRODUCT_BUNDLE_IDENTIFIER = "com.GitHub.Java-DevListB";
				PRODUCT_NAME = "$(TARGET_NAME)";
			};
			name = Debug;
		};
		2A2EB8111E06A01100A43F5E /* Release */ = {
			isa = XCBuildConfiguration;
			baseConfigurationReference = 5644C83BFA8A2CCDAB0AD884 /* Pods-App Blue.release.xcconfig */;
			buildSettings = {
				ASSETCATALOG_COMPILER_APPICON_NAME = "AppIcon Blue";
				DEVELOPMENT_TEAM = C873229R2B;
				GCC_PREPROCESSOR_DEFINITIONS = (
					"$(inherited)",
					"COCOAPODS=1",
					"BLUE=1",
				);
				INFOPLIST_FILE = "$(SRCROOT)/Java DevList/Info Blue.plist";
				LD_RUNPATH_SEARCH_PATHS = "$(inherited) @executable_path/Frameworks";
				PRODUCT_BUNDLE_IDENTIFIER = "com.GitHub.Java-DevListB";
				PRODUCT_NAME = "$(TARGET_NAME)";
			};
			name = Release;
		};
/* End XCBuildConfiguration section */

/* Begin XCConfigurationList section */
		2A2EB7E21E0693FF00A43F5E /* Build configuration list for PBXProject "Java DevList" */ = {
			isa = XCConfigurationList;
			buildConfigurations = (
				2A2EB7FC1E06940000A43F5E /* Debug */,
				2A2EB7FD1E06940000A43F5E /* Release */,
			);
			defaultConfigurationIsVisible = 0;
			defaultConfigurationName = Release;
		};
		2A2EB7FE1E06940000A43F5E /* Build configuration list for PBXNativeTarget "App Black" */ = {
			isa = XCConfigurationList;
			buildConfigurations = (
				2A2EB7FF1E06940000A43F5E /* Debug */,
				2A2EB8001E06940000A43F5E /* Release */,
			);
			defaultConfigurationIsVisible = 0;
			defaultConfigurationName = Release;
		};
		2A2EB80F1E06A01100A43F5E /* Build configuration list for PBXNativeTarget "App Blue" */ = {
			isa = XCConfigurationList;
			buildConfigurations = (
				2A2EB8101E06A01100A43F5E /* Debug */,
				2A2EB8111E06A01100A43F5E /* Release */,
			);
			defaultConfigurationIsVisible = 0;
			defaultConfigurationName = Release;
		};
/* End XCConfigurationList section */
	};
	rootObject = 2A2EB7DF1E0693FF00A43F5E /* Project object */;
}
